
Microsoft Visual Studio Solution File, Format Version 12.00
# Visual Studio Version 17
VisualStudioVersion = 17.7.34202.233
MinimumVisualStudioVersion = 10.0.40219.1
Project("{FAE04EC0-301F-11D3-BF4B-00C04F79EFBC}") = "CourseWork", "CourseWork\CourseWork.csproj", "{476BE016-060D-48BE-9C25-0ED22BD4B378}"
EndProject
Global
	GlobalSection(SolutionConfigurationPlatforms) = preSolution
		Debug|Any CPU = Debug|Any CPU
		Release|Any CPU = Release|Any CPU
	EndGlobalSection
	GlobalSection(ProjectConfigurationPlatforms) = postSolution
		{476BE016-060D-48BE-9C25-0ED22BD4B378}.Debug|Any CPU.ActiveCfg = Debug|Any CPU
		{476BE016-060D-48BE-9C25-0ED22BD4B378}.Debug|Any CPU.Build.0 = Debug|Any CPU
		{476BE016-060D-48BE-9C25-0ED22BD4B378}.Release|Any CPU.ActiveCfg = Release|Any CPU
		{476BE016-060D-48BE-9C25-0ED22BD4B378}.Release|Any CPU.Build.0 = Release|Any CPU
	EndGlobalSection
	GlobalSection(SolutionProperties) = preSolution
		HideSolutionNode = FALSE
	EndGlobalSection
	GlobalSection(ExtensibilityGlobals) = postSolution
		SolutionGuid = {23241C0F-DEC2-4F55-87B3-1E6B1DD2A226}
	EndGlobalSection
EndGlobal
